// !$*UTF8*$!
{
	archiveVersion = 1;
	classes = {
	};
	objectVersion = 56;
	objects = {

/* Begin PBXBuildFile section */
		9CDFA0E32A46AD7100717573 /* gApp.swift in Sources */ = {isa = PBXBuildFile; fileRef = 9CDFA0E22A46AD7100717573 /* gApp.swift */; };
		9CDFA0E52A46AD7100717573 /* ContentView.swift in Sources */ = {isa = PBXBuildFile; fileRef = 9CDFA0E42A46AD7100717573 /* ContentView.swift */; };
		9CDFA0E72A46AD7400717573 /* Assets.xcassets in Resources */ = {isa = PBXBuildFile; fileRef = 9CDFA0E62A46AD7400717573 /* Assets.xcassets */; };
		9CDFA0EB2A46AD7400717573 /* Preview Assets.xcassets in Resources */ = {isa = PBXBuildFile; fileRef = 9CDFA0EA2A46AD7400717573 /* Preview Assets.xcassets */; };
		9CDFA0F52A46AD7500717573 /* gTests.swift in Sources */ = {isa = PBXBuildFile; fileRef = 9CDFA0F42A46AD7500717573 /* gTests.swift */; };
		9CDFA0FF2A46AD7500717573 /* gUITests.swift in Sources */ = {isa = PBXBuildFile; fileRef = 9CDFA0FE2A46AD7500717573 /* gUITests.swift */; };
		9CDFA1012A46AD7500717573 /* gUITestsLaunchTests.swift in Sources */ = {isa = PBXBuildFile; fileRef = 9CDFA1002A46AD7500717573 /* gUITestsLaunchTests.swift */; };
/* End PBXBuildFile section */

/* Begin PBXContainerItemProxy section */
		9CDFA0F12A46AD7500717573 /* PBXContainerItemProxy */ = {
			isa = PBXContainerItemProxy;
			containerPortal = 9CDFA0D72A46AD7100717573 /* Project object */;
			proxyType = 1;
			remoteGlobalIDString = 9CDFA0DE2A46AD7100717573;
			remoteInfo = g;
		};
		9CDFA0FB2A46AD7500717573 /* PBXContainerItemProxy */ = {
			isa = PBXContainerItemProxy;
			containerPortal = 9CDFA0D72A46AD7100717573 /* Project object */;
			proxyType = 1;
			remoteGlobalIDString = 9CDFA0DE2A46AD7100717573;
			remoteInfo = g;
		};
/* End PBXContainerItemProxy section */

/* Begin PBXFileReference section */
		9CDFA0DF2A46AD7100717573 /* g.app */ = {isa = PBXFileReference; explicitFileType = wrapper.application; includeInIndex = 0; path = g.app; sourceTree = BUILT_PRODUCTS_DIR; };
		9CDFA0E22A46AD7100717573 /* gApp.swift */ = {isa = PBXFileReference; lastKnownFileType = sourcecode.swift; path = gApp.swift; sourceTree = "<group>"; };
		9CDFA0E42A46AD7100717573 /* ContentView.swift */ = {isa = PBXFileReference; lastKnownFileType = sourcecode.swift; path = ContentView.swift; sourceTree = "<group>"; };
		9CDFA0E62A46AD7400717573 /* Assets.xcassets */ = {isa = PBXFileReference; lastKnownFileType = folder.assetcatalog; path = Assets.xcassets; sourceTree = "<group>"; };
		9CDFA0E82A46AD7400717573 /* g.entitlements */ = {isa = PBXFileReference; lastKnownFileType = text.plist.entitlements; path = g.entitlements; sourceTree = "<group>"; };
		9CDFA0EA2A46AD7400717573 /* Preview Assets.xcassets */ = {isa = PBXFileReference; lastKnownFileType = folder.assetcatalog; path = "Preview Assets.xcassets"; sourceTree = "<group>"; };
		9CDFA0F02A46AD7500717573 /* gTests.xctest */ = {isa = PBXFileReference; explicitFileType = wrapper.cfbundle; includeInIndex = 0; path = gTests.xctest; sourceTree = BUILT_PRODUCTS_DIR; };
		9CDFA0F42A46AD7500717573 /* gTests.swift */ = {isa = PBXFileReference; lastKnownFileType = sourcecode.swift; path = gTests.swift; sourceTree = "<group>"; };
		9CDFA0FA2A46AD7500717573 /* gUITests.xctest */ = {isa = PBXFileReference; explicitFileType = wrapper.cfbundle; includeInIndex = 0; path = gUITests.xctest; sourceTree = BUILT_PRODUCTS_DIR; };
		9CDFA0FE2A46AD7500717573 /* gUITests.swift */ = {isa = PBXFileReference; lastKnownFileType = sourcecode.swift; path = gUITests.swift; sourceTree = "<group>"; };
		9CDFA1002A46AD7500717573 /* gUITestsLaunchTests.swift */ = {isa = PBXFileReference; lastKnownFileType = sourcecode.swift; path = gUITestsLaunchTests.swift; sourceTree = "<group>"; };
/* End PBXFileReference section */

/* Begin PBXFrameworksBuildPhase section */
		9CDFA0DC2A46AD7100717573 /* Frameworks */ = {
			isa = PBXFrameworksBuildPhase;
			buildActionMask = 2147483647;
			files = (
			);
			runOnlyForDeploymentPostprocessing = 0;
		};
		9CDFA0ED2A46AD7500717573 /* Frameworks */ = {
			isa = PBXFrameworksBuildPhase;
			buildActionMask = 2147483647;
			files = (
			);
			runOnlyForDeploymentPostprocessing = 0;
		};
		9CDFA0F72A46AD7500717573 /* Frameworks */ = {
			isa = PBXFrameworksBuildPhase;
			buildActionMask = 2147483647;
			files = (
			);
			runOnlyForDeploymentPostprocessing = 0;
		};
/* End PBXFrameworksBuildPhase section */

/* Begin PBXGroup section */
		9CDFA0D62A46AD7100717573 = {
			isa = PBXGroup;
			children = (
				9CDFA0E12A46AD7100717573 /* g */,
				9CDFA0F32A46AD7500717573 /* gTests */,
				9CDFA0FD2A46AD7500717573 /* gUITests */,
				9CDFA0E02A46AD7100717573 /* Products */,
			);
			sourceTree = "<group>";
		};
		9CDFA0E02A46AD7100717573 /* Products */ = {
			isa = PBXGroup;
			children = (
				9CDFA0DF2A46AD7100717573 /* g.app */,
				9CDFA0F02A46AD7500717573 /* gTests.xctest */,
				9CDFA0FA2A46AD7500717573 /* gUITests.xctest */,
			);
			name = Products;
			sourceTree = "<group>";
		};
		9CDFA0E12A46AD7100717573 /* g */ = {
			isa = PBXGroup;
			children = (
				9CDFA0E22A46AD7100717573 /* gApp.swift */,
				9CDFA0E42A46AD7100717573 /* ContentView.swift */,
				9CDFA0E62A46AD7400717573 /* Assets.xcassets */,
				9CDFA0E82A46AD7400717573 /* g.entitlements */,
				9CDFA0E92A46AD7400717573 /* Preview Content */,
			);
			path = g;
			sourceTree = "<group>";
		};
		9CDFA0E92A46AD7400717573 /* Preview Content */ = {
			isa = PBXGroup;
			children = (
				9CDFA0EA2A46AD7400717573 /* Preview Assets.xcassets */,
			);
			path = "Preview Content";
			sourceTree = "<group>";
		};
		9CDFA0F32A46AD7500717573 /* gTests */ = {
			isa = PBXGroup;
			children = (
				9CDFA0F42A46AD7500717573 /* gTests.swift */,
			);
			path = gTests;
			sourceTree = "<group>";
		};
		9CDFA0FD2A46AD7500717573 /* gUITests */ = {
			isa = PBXGroup;
			children = (
				9CDFA0FE2A46AD7500717573 /* gUITests.swift */,
				9CDFA1002A46AD7500717573 /* gUITestsLaunchTests.swift */,
			);
			path = gUITests;
			sourceTree = "<group>";
		};
/* End PBXGroup section */

/* Begin PBXNativeTarget section */
		9CDFA0DE2A46AD7100717573 /* g */ = {
			isa = PBXNativeTarget;
			buildConfigurationList = 9CDFA1042A46AD7500717573 /* Build configuration list for PBXNativeTarget "g" */;
			buildPhases = (
				9CDFA0DB2A46AD7100717573 /* Sources */,
				9CDFA0DC2A46AD7100717573 /* Frameworks */,
				9CDFA0DD2A46AD7100717573 /* Resources */,
			);
			buildRules = (
			);
			dependencies = (
			);
			name = g;
			productName = g;
			productReference = 9CDFA0DF2A46AD7100717573 /* g.app */;
			productType = "com.apple.product-type.application";
		};
		9CDFA0EF2A46AD7500717573 /* gTests */ = {
			isa = PBXNativeTarget;
			buildConfigurationList = 9CDFA1072A46AD7500717573 /* Build configuration list for PBXNativeTarget "gTests" */;
			buildPhases = (
				9CDFA0EC2A46AD7500717573 /* Sources */,
				9CDFA0ED2A46AD7500717573 /* Frameworks */,
				9CDFA0EE2A46AD7500717573 /* Resources */,
			);
			buildRules = (
			);
			dependencies = (
				9CDFA0F22A46AD7500717573 /* PBXTargetDependency */,
			);
			name = gTests;
			productName = gTests;
			productReference = 9CDFA0F02A46AD7500717573 /* gTests.xctest */;
			productType = "com.apple.product-type.bundle.unit-test";
		};
		9CDFA0F92A46AD7500717573 /* gUITests */ = {
			isa = PBXNativeTarget;
			buildConfigurationList = 9CDFA10A2A46AD7500717573 /* Build configuration list for PBXNativeTarget "gUITests" */;
			buildPhases = (
				9CDFA0F62A46AD7500717573 /* Sources */,
				9CDFA0F72A46AD7500717573 /* Frameworks */,
				9CDFA0F82A46AD7500717573 /* Resources */,
			);
			buildRules = (
			);
			dependencies = (
				9CDFA0FC2A46AD7500717573 /* PBXTargetDependency */,
			);
			name = gUITests;
			productName = gUITests;
			productReference = 9CDFA0FA2A46AD7500717573 /* gUITests.xctest */;
			productType = "com.apple.product-type.bundle.ui-testing";
		};
/* End PBXNativeTarget section */

/* Begin PBXProject section */
		9CDFA0D72A46AD7100717573 /* Project object */ = {
			isa = PBXProject;
			attributes = {
				BuildIndependentTargetsInParallel = 1;
				LastSwiftUpdateCheck = 1420;
				LastUpgradeCheck = 1420;
				TargetAttributes = {
					9CDFA0DE2A46AD7100717573 = {
						CreatedOnToolsVersion = 14.2;
					};
					9CDFA0EF2A46AD7500717573 = {
						CreatedOnToolsVersion = 14.2;
						TestTargetID = 9CDFA0DE2A46AD7100717573;
					};
					9CDFA0F92A46AD7500717573 = {
						CreatedOnToolsVersion = 14.2;
						TestTargetID = 9CDFA0DE2A46AD7100717573;
					};
				};
			};
			buildConfigurationList = 9CDFA0DA2A46AD7100717573 /* Build configuration list for PBXProject "g" */;
			compatibilityVersion = "Xcode 14.0";
			developmentRegion = en;
			hasScannedForEncodings = 0;
			knownRegions = (
				en,
				Base,
			);
			mainGroup = 9CDFA0D62A46AD7100717573;
			productRefGroup = 9CDFA0E02A46AD7100717573 /* Products */;
			projectDirPath = "";
			projectRoot = "";
			targets = (
				9CDFA0DE2A46AD7100717573 /* g */,
				9CDFA0EF2A46AD7500717573 /* gTests */,
				9CDFA0F92A46AD7500717573 /* gUITests */,
			);
		};
/* End PBXProject section */

/* Begin PBXResourcesBuildPhase section */
		9CDFA0DD2A46AD7100717573 /* Resources */ = {
			isa = PBXResourcesBuildPhase;
			buildActionMask = 2147483647;
			files = (
				9CDFA0EB2A46AD7400717573 /* Preview Assets.xcassets in Resources */,
				9CDFA0E72A46AD7400717573 /* Assets.xcassets in Resources */,
			);
			runOnlyForDeploymentPostprocessing = 0;
		};
		9CDFA0EE2A46AD7500717573 /* Resources */ = {
			isa = PBXResourcesBuildPhase;
			buildActionMask = 2147483647;
			files = (
			);
			runOnlyForDeploymentPostprocessing = 0;
		};
		9CDFA0F82A46AD7500717573 /* Resources */ = {
			isa = PBXResourcesBuildPhase;
			buildActionMask = 2147483647;
			files = (
			);
			runOnlyForDeploymentPostprocessing = 0;
		};
/* End PBXResourcesBuildPhase section */

/* Begin PBXSourcesBuildPhase section */
		9CDFA0DB2A46AD7100717573 /* Sources */ = {
			isa = PBXSourcesBuildPhase;
			buildActionMask = 2147483647;
			files = (
				9CDFA0E52A46AD7100717573 /* ContentView.swift in Sources */,
				9CDFA0E32A46AD7100717573 /* gApp.swift in Sources */,
			);
			runOnlyForDeploymentPostprocessing = 0;
		};
		9CDFA0EC2A46AD7500717573 /* Sources */ = {
			isa = PBXSourcesBuildPhase;
			buildActionMask = 2147483647;
			files = (
				9CDFA0F52A46AD7500717573 /* gTests.swift in Sources */,
			);
			runOnlyForDeploymentPostprocessing = 0;
		};
		9CDFA0F62A46AD7500717573 /* Sources */ = {
			isa = PBXSourcesBuildPhase;
			buildActionMask = 2147483647;
			files = (
				9CDFA1012A46AD7500717573 /* gUITestsLaunchTests.swift in Sources */,
				9CDFA0FF2A46AD7500717573 /* gUITests.swift in Sources */,
			);
			runOnlyForDeploymentPostprocessing = 0;
		};
/* End PBXSourcesBuildPhase section */

/* Begin PBXTargetDependency section */
		9CDFA0F22A46AD7500717573 /* PBXTargetDependency */ = {
			isa = PBXTargetDependency;
			target = 9CDFA0DE2A46AD7100717573 /* g */;
			targetProxy = 9CDFA0F12A46AD7500717573 /* PBXContainerItemProxy */;
		};
		9CDFA0FC2A46AD7500717573 /* PBXTargetDependency */ = {
			isa = PBXTargetDependency;
			target = 9CDFA0DE2A46AD7100717573 /* g */;
			targetProxy = 9CDFA0FB2A46AD7500717573 /* PBXContainerItemProxy */;
		};
/* End PBXTargetDependency section */

/* Begin XCBuildConfiguration section */
		9CDFA1022A46AD7500717573 /* Debug */ = {
			isa = XCBuildConfiguration;
			buildSettings = {
				ALWAYS_SEARCH_USER_PATHS = NO;
				CLANG_ANALYZER_NONNULL = YES;
				CLANG_ANALYZER_NUMBER_OBJECT_CONVERSION = YES_AGGRESSIVE;
				CLANG_CXX_LANGUAGE_STANDARD = "gnu++20";
				CLANG_ENABLE_MODULES = YES;
				CLANG_ENABLE_OBJC_ARC = YES;
				CLANG_ENABLE_OBJC_WEAK = YES;
				CLANG_WARN_BLOCK_CAPTURE_AUTORELEASING = YES;
				CLANG_WARN_BOOL_CONVERSION = YES;
				CLANG_WARN_COMMA = YES;
				CLANG_WARN_CONSTANT_CONVERSION = YES;
				CLANG_WARN_DEPRECATED_OBJC_IMPLEMENTATIONS = YES;
				CLANG_WARN_DIRECT_OBJC_ISA_USAGE = YES_ERROR;
				CLANG_WARN_DOCUMENTATION_COMMENTS = YES;
				CLANG_WARN_EMPTY_BODY = YES;
				CLANG_WARN_ENUM_CONVERSION = YES;
				CLANG_WARN_INFINITE_RECURSION = YES;
				CLANG_WARN_INT_CONVERSION = YES;
				CLANG_WARN_NON_LITERAL_NULL_CONVERSION = YES;
				CLANG_WARN_OBJC_IMPLICIT_RETAIN_SELF = YES;
				CLANG_WARN_OBJC_LITERAL_CONVERSION = YES;
				CLANG_WARN_OBJC_ROOT_CLASS = YES_ERROR;
				CLANG_WARN_QUOTED_INCLUDE_IN_FRAMEWORK_HEADER = YES;
				CLANG_WARN_RANGE_LOOP_ANALYSIS = YES;
				CLANG_WARN_STRICT_PROTOTYPES = YES;
				CLANG_WARN_SUSPICIOUS_MOVE = YES;
				CLANG_WARN_UNGUARDED_AVAILABILITY = YES_AGGRESSIVE;
				CLANG_WARN_UNREACHABLE_CODE = YES;
				CLANG_WARN__DUPLICATE_METHOD_MATCH = YES;
				COPY_PHASE_STRIP = NO;
				DEBUG_INFORMATION_FORMAT = dwarf;
				ENABLE_STRICT_OBJC_MSGSEND = YES;
				ENABLE_TESTABILITY = YES;
				GCC_C_LANGUAGE_STANDARD = gnu11;
				GCC_DYNAMIC_NO_PIC = NO;
				GCC_NO_COMMON_BLOCKS = YES;
				GCC_OPTIMIZATION_LEVEL = 0;
				GCC_PREPROCESSOR_DEFINITIONS = (
					"DEBUG=1",
					"$(inherited)",
				);
				GCC_WARN_64_TO_32_BIT_CONVERSION = YES;
				GCC_WARN_ABOUT_RETURN_TYPE = YES_ERROR;
				GCC_WARN_UNDECLARED_SELECTOR = YES;
				GCC_WARN_UNINITIALIZED_AUTOS = YES_AGGRESSIVE;
				GCC_WARN_UNUSED_FUNCTION = YES;
				GCC_WARN_UNUSED_VARIABLE = YES;
				MTL_ENABLE_DEBUG_INFO = INCLUDE_SOURCE;
				MTL_FAST_MATH = YES;
				ONLY_ACTIVE_ARCH = YES;
				SWIFT_ACTIVE_COMPILATION_CONDITIONS = DEBUG;
				SWIFT_OPTIMIZATION_LEVEL = "-Onone";
			};
			name = Debug;
		};
		9CDFA1032A46AD7500717573 /* Release */ = {
			isa = XCBuildConfiguration;
			buildSettings = {
				ALWAYS_SEARCH_USER_PATHS = NO;
				CLANG_ANALYZER_NONNULL = YES;
				CLANG_ANALYZER_NUMBER_OBJECT_CONVERSION = YES_AGGRESSIVE;
				CLANG_CXX_LANGUAGE_STANDARD = "gnu++20";
				CLANG_ENABLE_MODULES = YES;
				CLANG_ENABLE_OBJC_ARC = YES;
				CLANG_ENABLE_OBJC_WEAK = YES;
				CLANG_WARN_BLOCK_CAPTURE_AUTORELEASING = YES;
				CLANG_WARN_BOOL_CONVERSION = YES;
				CLANG_WARN_COMMA = YES;
				CLANG_WARN_CONSTANT_CONVERSION = YES;
				CLANG_WARN_DEPRECATED_OBJC_IMPLEMENTATIONS = YES;
				CLANG_WARN_DIRECT_OBJC_ISA_USAGE = YES_ERROR;
				CLANG_WARN_DOCUMENTATION_COMMENTS = YES;
				CLANG_WARN_EMPTY_BODY = YES;
				CLANG_WARN_ENUM_CONVERSION = YES;
				CLANG_WARN_INFINITE_RECURSION = YES;
				CLANG_WARN_INT_CONVERSION = YES;
				CLANG_WARN_NON_LITERAL_NULL_CONVERSION = YES;
				CLANG_WARN_OBJC_IMPLICIT_RETAIN_SELF = YES;
				CLANG_WARN_OBJC_LITERAL_CONVERSION = YES;
				CLANG_WARN_OBJC_ROOT_CLASS = YES_ERROR;
				CLANG_WARN_QUOTED_INCLUDE_IN_FRAMEWORK_HEADER = YES;
				CLANG_WARN_RANGE_LOOP_ANALYSIS = YES;
				CLANG_WARN_STRICT_PROTOTYPES = YES;
				CLANG_WARN_SUSPICIOUS_MOVE = YES;
				CLANG_WARN_UNGUARDED_AVAILABILITY = YES_AGGRESSIVE;
				CLANG_WARN_UNREACHABLE_CODE = YES;
				CLANG_WARN__DUPLICATE_METHOD_MATCH = YES;
				COPY_PHASE_STRIP = NO;
				DEBUG_INFORMATION_FORMAT = "dwarf-with-dsym";
				ENABLE_NS_ASSERTIONS = NO;
				ENABLE_STRICT_OBJC_MSGSEND = YES;
				GCC_C_LANGUAGE_STANDARD = gnu11;
				GCC_NO_COMMON_BLOCKS = YES;
				GCC_WARN_64_TO_32_BIT_CONVERSION = YES;
				GCC_WARN_ABOUT_RETURN_TYPE = YES_ERROR;
				GCC_WARN_UNDECLARED_SELECTOR = YES;
				GCC_WARN_UNINITIALIZED_AUTOS = YES_AGGRESSIVE;
				GCC_WARN_UNUSED_FUNCTION = YES;
				GCC_WARN_UNUSED_VARIABLE = YES;
				MTL_ENABLE_DEBUG_INFO = NO;
				MTL_FAST_MATH = YES;
				SWIFT_COMPILATION_MODE = wholemodule;
				SWIFT_OPTIMIZATION_LEVEL = "-O";
			};
			name = Release;
		};
		9CDFA1052A46AD7500717573 /* Debug */ = {
			isa = XCBuildConfiguration;
			buildSettings = {
				ASSETCATALOG_COMPILER_APPICON_NAME = AppIcon;
				ASSETCATALOG_COMPILER_GLOBAL_ACCENT_COLOR_NAME = AccentColor;
				CODE_SIGN_ENTITLEMENTS = g/g.entitlements;
				CODE_SIGN_STYLE = Automatic;
				CURRENT_PROJECT_VERSION = 1;
				DEVELOPMENT_ASSET_PATHS = "\"g/Preview Content\"";
				DEVELOPMENT_TEAM = 86PQXFRASY;
				ENABLE_HARDENED_RUNTIME = YES;
				ENABLE_PREVIEWS = YES;
				GENERATE_INFOPLIST_FILE = YES;
				"INFOPLIST_KEY_UIApplicationSceneManifest_Generation[sdk=iphoneos*]" = YES;
				"INFOPLIST_KEY_UIApplicationSceneManifest_Generation[sdk=iphonesimulator*]" = YES;
				"INFOPLIST_KEY_UIApplicationSupportsIndirectInputEvents[sdk=iphoneos*]" = YES;
				"INFOPLIST_KEY_UIApplicationSupportsIndirectInputEvents[sdk=iphonesimulator*]" = YES;
				"INFOPLIST_KEY_UILaunchScreen_Generation[sdk=iphoneos*]" = YES;
				"INFOPLIST_KEY_UILaunchScreen_Generation[sdk=iphonesimulator*]" = YES;
				"INFOPLIST_KEY_UIStatusBarStyle[sdk=iphoneos*]" = UIStatusBarStyleDefault;
				"INFOPLIST_KEY_UIStatusBarStyle[sdk=iphonesimulator*]" = UIStatusBarStyleDefault;
				INFOPLIST_KEY_UISupportedInterfaceOrientations_iPad = "UIInterfaceOrientationPortrait UIInterfaceOrientationPortraitUpsideDown UIInterfaceOrientationLandscapeLeft UIInterfaceOrientationLandscapeRight";
				INFOPLIST_KEY_UISupportedInterfaceOrientations_iPhone = "UIInterfaceOrientationPortrait UIInterfaceOrientationLandscapeLeft UIInterfaceOrientationLandscapeRight";
				IPHONEOS_DEPLOYMENT_TARGET = 16.2;
				LD_RUNPATH_SEARCH_PATHS = "@executable_path/Frameworks";
				"LD_RUNPATH_SEARCH_PATHS[sdk=macosx*]" = "@executable_path/../Frameworks";
				MACOSX_DEPLOYMENT_TARGET = 12.6;
				MARKETING_VERSION = 1.0;
				PRODUCT_BUNDLE_IDENTIFIER = org.certios.g;
				PRODUCT_NAME = "$(TARGET_NAME)";
				SDKROOT = auto;
				SUPPORTED_PLATFORMS = "iphoneos iphonesimulator macosx";
				SWIFT_EMIT_LOC_STRINGS = YES;
				SWIFT_VERSION = 5.0;
				TARGETED_DEVICE_FAMILY = "1,2";
			};
			name = Debug;
		};
		9CDFA1062A46AD7500717573 /* Release */ = {
			isa = XCBuildConfiguration;
			buildSettings = {
				ASSETCATALOG_COMPILER_APPICON_NAME = AppIcon;
				ASSETCATALOG_COMPILER_GLOBAL_ACCENT_COLOR_NAME = AccentColor;
				CODE_SIGN_ENTITLEMENTS = g/g.entitlements;
				CODE_SIGN_STYLE = Automatic;
				CURRENT_PROJECT_VERSION = 1;
				DEVELOPMENT_ASSET_PATHS = "\"g/Preview Content\"";
				DEVELOPMENT_TEAM = 86PQXFRASY;
				ENABLE_HARDENED_RUNTIME = YES;
				ENABLE_PREVIEWS = YES;
				GENERATE_INFOPLIST_FILE = YES;
				"INFOPLIST_KEY_UIApplicationSceneManifest_Generation[sdk=iphoneos*]" = YES;
				"INFOPLIST_KEY_UIApplicationSceneManifest_Generation[sdk=iphonesimulator*]" = YES;
				"INFOPLIST_KEY_UIApplicationSupportsIndirectInputEvents[sdk=iphoneos*]" = YES;
				"INFOPLIST_KEY_UIApplicationSupportsIndirectInputEvents[sdk=iphonesimulator*]" = YES;
				"INFOPLIST_KEY_UILaunchScreen_Generation[sdk=iphoneos*]" = YES;
				"INFOPLIST_KEY_UILaunchScreen_Generation[sdk=iphonesimulator*]" = YES;
				"INFOPLIST_KEY_UIStatusBarStyle[sdk=iphoneos*]" = UIStatusBarStyleDefault;
				"INFOPLIST_KEY_UIStatusBarStyle[sdk=iphonesimulator*]" = UIStatusBarStyleDefault;
				INFOPLIST_KEY_UISupportedInterfaceOrientations_iPad = "UIInterfaceOrientationPortrait UIInterfaceOrientationPortraitUpsideDown UIInterfaceOrientationLandscapeLeft UIInterfaceOrientationLandscapeRight";
				INFOPLIST_KEY_UISupportedInterfaceOrientations_iPhone = "UIInterfaceOrientationPortrait UIInterfaceOrientationLandscapeLeft UIInterfaceOrientationLandscapeRight";
				IPHONEOS_DEPLOYMENT_TARGET = 16.2;
				LD_RUNPATH_SEARCH_PATHS = "@executable_path/Frameworks";
				"LD_RUNPATH_SEARCH_PATHS[sdk=macosx*]" = "@executable_path/../Frameworks";
				MACOSX_DEPLOYMENT_TARGET = 12.6;
				MARKETING_VERSION = 1.0;
				PRODUCT_BUNDLE_IDENTIFIER = org.certios.g;
				PRODUCT_NAME = "$(TARGET_NAME)";
				SDKROOT = auto;
				SUPPORTED_PLATFORMS = "iphoneos iphonesimulator macosx";
				SWIFT_EMIT_LOC_STRINGS = YES;
				SWIFT_VERSION = 5.0;
				TARGETED_DEVICE_FAMILY = "1,2";
			};
			name = Release;
		};
		9CDFA1082A46AD7500717573 /* Debug */ = {
			isa = XCBuildConfiguration;
			buildSettings = {
				ALWAYS_EMBED_SWIFT_STANDARD_LIBRARIES = YES;
				BUNDLE_LOADER = "$(TEST_HOST)";
				CODE_SIGN_STYLE = Automatic;
				CURRENT_PROJECT_VERSION = 1;
				DEVELOPMENT_TEAM = 86PQXFRASY;
				GENERATE_INFOPLIST_FILE = YES;
				IPHONEOS_DEPLOYMENT_TARGET = 16.2;
				MACOSX_DEPLOYMENT_TARGET = 12.6;
				MARKETING_VERSION = 1.0;
				PRODUCT_BUNDLE_IDENTIFIER = org.certios.gTests;
				PRODUCT_NAME = "$(TARGET_NAME)";
				SDKROOT = auto;
				SUPPORTED_PLATFORMS = "iphoneos iphonesimulator macosx";
				SWIFT_EMIT_LOC_STRINGS = NO;
				SWIFT_VERSION = 5.0;
				TARGETED_DEVICE_FAMILY = "1,2";
				TEST_HOST = "$(BUILT_PRODUCTS_DIR)/g.app/$(BUNDLE_EXECUTABLE_FOLDER_PATH)/g";
			};
			name = Debug;
		};
		9CDFA1092A46AD7500717573 /* Release */ = {
			isa = XCBuildConfiguration;
			buildSettings = {
				ALWAYS_EMBED_SWIFT_STANDARD_LIBRARIES = YES;
				BUNDLE_LOADER = "$(TEST_HOST)";
				CODE_SIGN_STYLE = Automatic;
				CURRENT_PROJECT_VERSION = 1;
				DEVELOPMENT_TEAM = 86PQXFRASY;
				GENERATE_INFOPLIST_FILE = YES;
				IPHONEOS_DEPLOYMENT_TARGET = 16.2;
				MACOSX_DEPLOYMENT_TARGET = 12.6;
				MARKETING_VERSION = 1.0;
				PRODUCT_BUNDLE_IDENTIFIER = org.certios.gTests;
				PRODUCT_NAME = "$(TARGET_NAME)";
				SDKROOT = auto;
				SUPPORTED_PLATFORMS = "iphoneos iphonesimulator macosx";
				SWIFT_EMIT_LOC_STRINGS = NO;
				SWIFT_VERSION = 5.0;
				TARGETED_DEVICE_FAMILY = "1,2";
				TEST_HOST = "$(BUILT_PRODUCTS_DIR)/g.app/$(BUNDLE_EXECUTABLE_FOLDER_PATH)/g";
			};
			name = Release;
		};
		9CDFA10B2A46AD7500717573 /* Debug */ = {
			isa = XCBuildConfiguration;
			buildSettings = {
				ALWAYS_EMBED_SWIFT_STANDARD_LIBRARIES = YES;
				CODE_SIGN_STYLE = Automatic;
				CURRENT_PROJECT_VERSION = 1;
				DEVELOPMENT_TEAM = 86PQXFRASY;
				GENERATE_INFOPLIST_FILE = YES;
				IPHONEOS_DEPLOYMENT_TARGET = 16.2;
				MACOSX_DEPLOYMENT_TARGET = 12.6;
				MARKETING_VERSION = 1.0;
				PRODUCT_BUNDLE_IDENTIFIER = org.certios.gUITests;
				PRODUCT_NAME = "$(TARGET_NAME)";
				SDKROOT = auto;
				SUPPORTED_PLATFORMS = "iphoneos iphonesimulator macosx";
				SWIFT_EMIT_LOC_STRINGS = NO;
				SWIFT_VERSION = 5.0;
				TARGETED_DEVICE_FAMILY = "1,2";
				TEST_TARGET_NAME = g;
			};
			name = Debug;
		};
		9CDFA10C2A46AD7500717573 /* Release */ = {
			isa = XCBuildConfiguration;
			buildSettings = {
				ALWAYS_EMBED_SWIFT_STANDARD_LIBRARIES = YES;
				CODE_SIGN_STYLE = Automatic;
				CURRENT_PROJECT_VERSION = 1;
				DEVELOPMENT_TEAM = 86PQXFRASY;
				GENERATE_INFOPLIST_FILE = YES;
				IPHONEOS_DEPLOYMENT_TARGET = 16.2;
				MACOSX_DEPLOYMENT_TARGET = 12.6;
				MARKETING_VERSION = 1.0;
				PRODUCT_BUNDLE_IDENTIFIER = org.certios.gUITests;
				PRODUCT_NAME = "$(TARGET_NAME)";
				SDKROOT = auto;
				SUPPORTED_PLATFORMS = "iphoneos iphonesimulator macosx";
				SWIFT_EMIT_LOC_STRINGS = NO;
				SWIFT_VERSION = 5.0;
				TARGETED_DEVICE_FAMILY = "1,2";
				TEST_TARGET_NAME = g;
			};
			name = Release;
		};
/* End XCBuildConfiguration section */

/* Begin XCConfigurationList section */
		9CDFA0DA2A46AD7100717573 /* Build configuration list for PBXProject "g" */ = {
			isa = XCConfigurationList;
			buildConfigurations = (
				9CDFA1022A46AD7500717573 /* Debug */,
				9CDFA1032A46AD7500717573 /* Release */,
			);
			defaultConfigurationIsVisible = 0;
			defaultConfigurationName = Release;
		};
		9CDFA1042A46AD7500717573 /* Build configuration list for PBXNativeTarget "g" */ = {
			isa = XCConfigurationList;
			buildConfigurations = (
				9CDFA1052A46AD7500717573 /* Debug */,
				9CDFA1062A46AD7500717573 /* Release */,
			);
			defaultConfigurationIsVisible = 0;
			defaultConfigurationName = Release;
		};
		9CDFA1072A46AD7500717573 /* Build configuration list for PBXNativeTarget "gTests" */ = {
			isa = XCConfigurationList;
			buildConfigurations = (
				9CDFA1082A46AD7500717573 /* Debug */,
				9CDFA1092A46AD7500717573 /* Release */,
			);
			defaultConfigurationIsVisible = 0;
			defaultConfigurationName = Release;
		};
		9CDFA10A2A46AD7500717573 /* Build configuration list for PBXNativeTarget "gUITests" */ = {
			isa = XCConfigurationList;
			buildConfigurations = (
				9CDFA10B2A46AD7500717573 /* Debug */,
				9CDFA10C2A46AD7500717573 /* Release */,
			);
			defaultConfigurationIsVisible = 0;
			defaultConfigurationName = Release;
		};
/* End XCConfigurationList section */
	};
	rootObject = 9CDFA0D72A46AD7100717573 /* Project object */;
}
